{
  "lockfileVersion": 1,
  "configVersion": 1,
  "workspaces": {
    "": {
      "name": "@doars/staark-workspace",
      "devDependencies": {
        "brotli-size": "^4.0.0",
        "happy-dom": "^20.0.11",
      },
    },
    "packages/roupn": {
      "name": "@doars/roupn",
      "version": "0.1.2",
      "dependencies": {
        "@doars/tiedliene": "^1.2.0",
      },
      "devDependencies": {
        "@doars/staark": "x",
        "ws": "^8.18.3",
      },
    },
    "packages/staark": {
      "name": "@doars/staark",
      "version": "1.7.14",
      "dependencies": {
        "@doars/staark-common": "^1.5.8",
      },
    },
    "packages/staark-common": {
      "name": "@doars/staark-common",
      "version": "1.5.8",
    },
    "packages/staark-isomorphic": {
      "name": "@doars/staark-isomorphic",
      "version": "1.6.8",
      "dependencies": {
        "@doars/staark-common": "^1.5.8",
      },
    },
    "packages/staark-patch": {
      "name": "@doars/staark-patch",
      "version": "1.4.10",
      "dependencies": {
        "@doars/staark-common": "^1.5.8",
      },
    },
    "packages/tiedliene": {
      "name": "@doars/tiedliene",
      "version": "1.2.0",
    },
    "packages/vroagn": {
      "name": "@doars/vroagn",
      "version": "1.4.3",
    },
    "performance": {
      "name": "@doars/staark-benchmarks",
      "version": "0.0.0",
      "dependencies": {
        "@doars/staark": "x",
        "@doars/staark-patch": "x",
        "hyperapp": "^2.0.22",
        "incremental-dom": "^0.7.0",
        "mithril": "^2.3.8",
        "snabbdom": "^3.6.3",
        "superfine": "^8.2.0",
      },
      "devDependencies": {
        "playwright": "^1.40.0",
      },
    },
  },
  "packages": {
    "@doars/roupn": ["@doars/roupn@workspace:packages/roupn"],

    "@doars/staark": ["@doars/staark@workspace:packages/staark"],

    "@doars/staark-benchmarks": ["@doars/staark-benchmarks@workspace:performance"],

    "@doars/staark-common": ["@doars/staark-common@workspace:packages/staark-common"],

    "@doars/staark-isomorphic": ["@doars/staark-isomorphic@workspace:packages/staark-isomorphic"],

    "@doars/staark-patch": ["@doars/staark-patch@workspace:packages/staark-patch"],

    "@doars/tiedliene": ["@doars/tiedliene@workspace:packages/tiedliene"],

    "@doars/vroagn": ["@doars/vroagn@workspace:packages/vroagn"],

    "@types/node": ["@types/node@20.19.27", "", { "dependencies": { "undici-types": "~6.21.0" } }, "sha512-N2clP5pJhB2YnZJ3PIHFk5RkygRX5WO/5f0WC08tp0wd+sv0rsJk3MqWn3CbNmT2J505a5336jaQj4ph1AdMug=="],

    "@types/whatwg-mimetype": ["@types/whatwg-mimetype@3.0.2", "", {}, "sha512-c2AKvDT8ToxLIOUlN51gTiHXflsfIFisS4pO7pDPoKouJCESkhZnEy623gwP9laCy5lnLDAw1vAzu2vM2YLOrA=="],

    "brotli-size": ["brotli-size@4.0.0", "", { "dependencies": { "duplexer": "0.1.1" } }, "sha512-uA9fOtlTRC0iqKfzff1W34DXUA3GyVqbUaeo3Rw3d4gd1eavKVCETXrn3NzO74W+UVkG3UHu8WxUi+XvKI/huA=="],

    "duplexer": ["duplexer@0.1.1", "", {}, "sha512-sxNZ+ljy+RA1maXoUReeqBBpBC6RLKmg5ewzV+x+mSETmWNoKdZN6vcQjpFROemza23hGFskJtFNoUWUaQ+R4Q=="],

    "fsevents": ["fsevents@2.3.2", "", { "os": "darwin" }, "sha512-xiqMQR4xAeHTuB9uWm+fFRcIOgKBMiOBP+eXiyT7jsgVCq1bkVygt00oASowB7EdtpOHaaPgKt812P9ab+DDKA=="],

    "happy-dom": ["happy-dom@20.0.11", "", { "dependencies": { "@types/node": "^20.0.0", "@types/whatwg-mimetype": "^3.0.2", "whatwg-mimetype": "^3.0.0" } }, "sha512-QsCdAUHAmiDeKeaNojb1OHOPF7NjcWPBR7obdu3NwH2a/oyQaLg5d0aaCy/9My6CdPChYF07dvz5chaXBGaD4g=="],

    "hyperapp": ["hyperapp@2.0.22", "", {}, "sha512-3uf9HjnjrhbfykowFNEObZewBEo4DXJIM+9FnGkiR9E4H2eh2f921SzMCMS69X5nN3A7KFfmZc9KCKh/7TQBFA=="],

    "incremental-dom": ["incremental-dom@0.7.0", "", {}, "sha512-SBHQ6AiCmtwh7TU9hjq2CspasJe7ggGa9k+qYZft+d5Qq9v7V+07wlnRSZH5GGYjI8wn6U5p7dDua7f1bih52g=="],

    "mithril": ["mithril@2.3.8", "", {}, "sha512-za/Yo7qXEckjm5syrSfaaI9Utf4tCUT3T1IOIYqH6Lrj7G0OZuYYLAY9SV4ygoaAf0+CNqU92MBt+7pmo53JVQ=="],

    "playwright": ["playwright@1.57.0", "", { "dependencies": { "playwright-core": "1.57.0" }, "optionalDependencies": { "fsevents": "2.3.2" }, "bin": { "playwright": "cli.js" } }, "sha512-ilYQj1s8sr2ppEJ2YVadYBN0Mb3mdo9J0wQ+UuDhzYqURwSoW4n1Xs5vs7ORwgDGmyEh33tRMeS8KhdkMoLXQw=="],

    "playwright-core": ["playwright-core@1.57.0", "", { "bin": { "playwright-core": "cli.js" } }, "sha512-agTcKlMw/mjBWOnD6kFZttAAGHgi/Nw0CZ2o6JqWSbMlI219lAFLZZCyqByTsvVAJq5XA5H8cA6PrvBRpBWEuQ=="],

    "snabbdom": ["snabbdom@3.6.3", "", {}, "sha512-W2lHLLw2qR2Vv0DcMmcxXqcfdBaIcoN+y/86SmHv8fn4DazEQSH6KN3TjZcWvwujW56OHiiirsbHWZb4vx/0fg=="],

    "superfine": ["superfine@8.2.0", "", {}, "sha512-YnmDEesO2COpGEmWIYJ6StZVdJqTiRU4ur+8WwHRLOeU9Rad2ogvd3cZzuX+QXxshWWqP2HE+jWI5wACqTGBjg=="],

    "undici-types": ["undici-types@6.21.0", "", {}, "sha512-iwDZqg0QAGrg9Rav5H4n0M64c3mkR59cJ6wQp+7C4nI0gsmExaedaYLNO44eT4AtBBwjbTiGPMlt2Md0T9H9JQ=="],

    "whatwg-mimetype": ["whatwg-mimetype@3.0.0", "", {}, "sha512-nt+N2dzIutVRxARx1nghPKGv1xHikU7HKdfafKkLNLindmPU/ch3U31NOCGGA/dmPcmb1VlofO0vnKAcsm0o/Q=="],

    "ws": ["ws@8.18.3", "", { "peerDependencies": { "bufferutil": "^4.0.1", "utf-8-validate": ">=5.0.2" }, "optionalPeers": ["bufferutil", "utf-8-validate"] }, "sha512-PEIGCY5tSlUt50cqyMXfCzX+oOPqN0vuGqWzbcJ2xvnkzkq46oOpz7dQaTDBdfICb4N14+GARUDw2XV2N4tvzg=="],
  }
}
